
Microsoft Visual Studio Solution File, Format Version 12.00
# Visual Studio 15
VisualStudioVersion = 15.0.28307.271
MinimumVisualStudioVersion = 10.0.40219.1
Project("{FAE04EC0-301F-11D3-BF4B-00C04F79EFBC}") = "2DArrays", "2DArrays\2DArrays.csproj", "{F36EC5F6-0CA4-4DA6-91FC-7932F18ACC0B}"
EndProject
Global
	GlobalSection(SolutionConfigurationPlatforms) = preSolution
		Debug|Any CPU = Debug|Any CPU
		Release|Any CPU = Release|Any CPU
	EndGlobalSection
	GlobalSection(ProjectConfigurationPlatforms) = postSolution
		{F36EC5F6-0CA4-4DA6-91FC-7932F18ACC0B}.Debug|Any CPU.ActiveCfg = Debug|Any CPU
		{F36EC5F6-0CA4-4DA6-91FC-7932F18ACC0B}.Debug|Any CPU.Build.0 = Debug|Any CPU
		{F36EC5F6-0CA4-4DA6-91FC-7932F18ACC0B}.Release|Any CPU.ActiveCfg = Release|Any CPU
		{F36EC5F6-0CA4-4DA6-91FC-7932F18ACC0B}.Release|Any CPU.Build.0 = Release|Any CPU
	EndGlobalSection
	GlobalSection(SolutionProperties) = preSolution
		HideSolutionNode = FALSE
	EndGlobalSection
	GlobalSection(ExtensibilityGlobals) = postSolution
		SolutionGuid = {BFD7D2CC-98C0-432F-B6AC-FB3F8F26A8FD}
	EndGlobalSection
EndGlobal
