
Microsoft Visual Studio Solution File, Format Version 12.00
# Visual Studio 15
VisualStudioVersion = 15.0.28307.271
MinimumVisualStudioVersion = 10.0.40219.1
Project("{FAE04EC0-301F-11D3-BF4B-00C04F79EFBC}") = "WPFEvents", "WPFEvents\WPFEvents.csproj", "{50A9E271-9139-4B31-B427-BC0571D98EEB}"
EndProject
Global
	GlobalSection(SolutionConfigurationPlatforms) = preSolution
		Debug|Any CPU = Debug|Any CPU
		Release|Any CPU = Release|Any CPU
	EndGlobalSection
	GlobalSection(ProjectConfigurationPlatforms) = postSolution
		{50A9E271-9139-4B31-B427-BC0571D98EEB}.Debug|Any CPU.ActiveCfg = Debug|Any CPU
		{50A9E271-9139-4B31-B427-BC0571D98EEB}.Debug|Any CPU.Build.0 = Debug|Any CPU
		{50A9E271-9139-4B31-B427-BC0571D98EEB}.Release|Any CPU.ActiveCfg = Release|Any CPU
		{50A9E271-9139-4B31-B427-BC0571D98EEB}.Release|Any CPU.Build.0 = Release|Any CPU
	EndGlobalSection
	GlobalSection(SolutionProperties) = preSolution
		HideSolutionNode = FALSE
	EndGlobalSection
	GlobalSection(ExtensibilityGlobals) = postSolution
		SolutionGuid = {F40DC4B1-27C4-4AF0-94F5-E47689BACB5F}
	EndGlobalSection
EndGlobal
