
Microsoft Visual Studio Solution File, Format Version 12.00
# Visual Studio 15
VisualStudioVersion = 15.0.28307.271
MinimumVisualStudioVersion = 10.0.40219.1
Project("{FAE04EC0-301F-11D3-BF4B-00C04F79EFBC}") = "Mod1_SelfAssessment", "Mod1_SelfAssessment\Mod1_SelfAssessment.csproj", "{BC643101-1522-4CBE-A77B-A74935ACE4CA}"
EndProject
Global
	GlobalSection(SolutionConfigurationPlatforms) = preSolution
		Debug|Any CPU = Debug|Any CPU
		Release|Any CPU = Release|Any CPU
	EndGlobalSection
	GlobalSection(ProjectConfigurationPlatforms) = postSolution
		{BC643101-1522-4CBE-A77B-A74935ACE4CA}.Debug|Any CPU.ActiveCfg = Debug|Any CPU
		{BC643101-1522-4CBE-A77B-A74935ACE4CA}.Debug|Any CPU.Build.0 = Debug|Any CPU
		{BC643101-1522-4CBE-A77B-A74935ACE4CA}.Release|Any CPU.ActiveCfg = Release|Any CPU
		{BC643101-1522-4CBE-A77B-A74935ACE4CA}.Release|Any CPU.Build.0 = Release|Any CPU
	EndGlobalSection
	GlobalSection(SolutionProperties) = preSolution
		HideSolutionNode = FALSE
	EndGlobalSection
	GlobalSection(ExtensibilityGlobals) = postSolution
		SolutionGuid = {472BE4D8-FE23-4E6B-B1A5-5E31FF5DBD8F}
	EndGlobalSection
EndGlobal
