
Microsoft Visual Studio Solution File, Format Version 12.00
# Visual Studio 15
VisualStudioVersion = 15.0.28307.271
MinimumVisualStudioVersion = 10.0.40219.1
Project("{FAE04EC0-301F-11D3-BF4B-00C04F79EFBC}") = "SimpleClasses", "SimpleClasses\SimpleClasses.csproj", "{6C0700E0-3F53-4E10-ABB6-933FB3D2DCA8}"
EndProject
Global
	GlobalSection(SolutionConfigurationPlatforms) = preSolution
		Debug|Any CPU = Debug|Any CPU
		Release|Any CPU = Release|Any CPU
	EndGlobalSection
	GlobalSection(ProjectConfigurationPlatforms) = postSolution
		{6C0700E0-3F53-4E10-ABB6-933FB3D2DCA8}.Debug|Any CPU.ActiveCfg = Debug|Any CPU
		{6C0700E0-3F53-4E10-ABB6-933FB3D2DCA8}.Debug|Any CPU.Build.0 = Debug|Any CPU
		{6C0700E0-3F53-4E10-ABB6-933FB3D2DCA8}.Release|Any CPU.ActiveCfg = Release|Any CPU
		{6C0700E0-3F53-4E10-ABB6-933FB3D2DCA8}.Release|Any CPU.Build.0 = Release|Any CPU
	EndGlobalSection
	GlobalSection(SolutionProperties) = preSolution
		HideSolutionNode = FALSE
	EndGlobalSection
	GlobalSection(ExtensibilityGlobals) = postSolution
		SolutionGuid = {D0E3728B-23C1-43B4-93DD-092EDA1EAE62}
	EndGlobalSection
EndGlobal
