
Microsoft Visual Studio Solution File, Format Version 12.00
# Visual Studio 15
VisualStudioVersion = 15.0.28307.271
MinimumVisualStudioVersion = 10.0.40219.1
Project("{FAE04EC0-301F-11D3-BF4B-00C04F79EFBC}") = "WhileIteration", "WhileIteration\WhileIteration.csproj", "{FF698B35-6134-486A-9E05-B4D5FF24E381}"
EndProject
Global
	GlobalSection(SolutionConfigurationPlatforms) = preSolution
		Debug|Any CPU = Debug|Any CPU
		Release|Any CPU = Release|Any CPU
	EndGlobalSection
	GlobalSection(ProjectConfigurationPlatforms) = postSolution
		{FF698B35-6134-486A-9E05-B4D5FF24E381}.Debug|Any CPU.ActiveCfg = Debug|Any CPU
		{FF698B35-6134-486A-9E05-B4D5FF24E381}.Debug|Any CPU.Build.0 = Debug|Any CPU
		{FF698B35-6134-486A-9E05-B4D5FF24E381}.Release|Any CPU.ActiveCfg = Release|Any CPU
		{FF698B35-6134-486A-9E05-B4D5FF24E381}.Release|Any CPU.Build.0 = Release|Any CPU
	EndGlobalSection
	GlobalSection(SolutionProperties) = preSolution
		HideSolutionNode = FALSE
	EndGlobalSection
	GlobalSection(ExtensibilityGlobals) = postSolution
		SolutionGuid = {F0C69EB0-A351-46C2-9B41-209A4483121D}
	EndGlobalSection
EndGlobal
